// !$*UTF8*$!
{
	archiveVersion = 1;
	classes = {
	};
	objectVersion = 50;
	objects = {

/* Begin PBXBuildFile section */
		6A4EBFED2620F92600E454FE /* TargetViewController.swift in Sources */ = {isa = PBXBuildFile; fileRef = 6A4EBFEC2620F92600E454FE /* TargetViewController.swift */; };
		6A696B9A261FA06F00A8EE81 /* GeneraleInfoViewController.swift in Sources */ = {isa = PBXBuildFile; fileRef = 6A696B99261FA06F00A8EE81 /* GeneraleInfoViewController.swift */; };
		6A7AA7FB261F741D00EAF1DD /* User.swift in Sources */ = {isa = PBXBuildFile; fileRef = 6A7AA7FA261F741D00EAF1DD /* User.swift */; };
		6A7AA7FF261F743600EAF1DD /* Person.swift in Sources */ = {isa = PBXBuildFile; fileRef = 6A7AA7FE261F743600EAF1DD /* Person.swift */; };
		6A8775692618CB4A00EC7446 /* AppDelegate.swift in Sources */ = {isa = PBXBuildFile; fileRef = 6A8775682618CB4A00EC7446 /* AppDelegate.swift */; };
		6A87756B2618CB4A00EC7446 /* SceneDelegate.swift in Sources */ = {isa = PBXBuildFile; fileRef = 6A87756A2618CB4A00EC7446 /* SceneDelegate.swift */; };
		6A87756D2618CB4A00EC7446 /* LoginViewController.swift in Sources */ = {isa = PBXBuildFile; fileRef = 6A87756C2618CB4A00EC7446 /* LoginViewController.swift */; };
		6A8775702618CB4A00EC7446 /* Main.storyboard in Resources */ = {isa = PBXBuildFile; fileRef = 6A87756E2618CB4A00EC7446 /* Main.storyboard */; };
		6A8775722618CB4B00EC7446 /* Assets.xcassets in Resources */ = {isa = PBXBuildFile; fileRef = 6A8775712618CB4B00EC7446 /* Assets.xcassets */; };
		6A8775752618CB4B00EC7446 /* LaunchScreen.storyboard in Resources */ = {isa = PBXBuildFile; fileRef = 6A8775732618CB4B00EC7446 /* LaunchScreen.storyboard */; };
		6A8BA245261A295E00EC6A5E /* WelcomeViewController.swift in Sources */ = {isa = PBXBuildFile; fileRef = 6A8BA244261A295E00EC6A5E /* WelcomeViewController.swift */; };
		6AE821A42620A81D00041D21 /* HobbyViewController.swift in Sources */ = {isa = PBXBuildFile; fileRef = 6AE821A32620A81D00041D21 /* HobbyViewController.swift */; };
/* End PBXBuildFile section */

/* Begin PBXFileReference section */
		6A4EBFEC2620F92600E454FE /* TargetViewController.swift */ = {isa = PBXFileReference; lastKnownFileType = sourcecode.swift; path = TargetViewController.swift; sourceTree = "<group>"; };
		6A696B99261FA06F00A8EE81 /* GeneraleInfoViewController.swift */ = {isa = PBXFileReference; lastKnownFileType = sourcecode.swift; path = GeneraleInfoViewController.swift; sourceTree = "<group>"; };
		6A7AA7FA261F741D00EAF1DD /* User.swift */ = {isa = PBXFileReference; lastKnownFileType = sourcecode.swift; path = User.swift; sourceTree = "<group>"; };
		6A7AA7FE261F743600EAF1DD /* Person.swift */ = {isa = PBXFileReference; lastKnownFileType = sourcecode.swift; path = Person.swift; sourceTree = "<group>"; };
		6A8775652618CB4A00EC7446 /* AvtorizationApp.app */ = {isa = PBXFileReference; explicitFileType = wrapper.application; includeInIndex = 0; path = AvtorizationApp.app; sourceTree = BUILT_PRODUCTS_DIR; };
		6A8775682618CB4A00EC7446 /* AppDelegate.swift */ = {isa = PBXFileReference; lastKnownFileType = sourcecode.swift; path = AppDelegate.swift; sourceTree = "<group>"; };
		6A87756A2618CB4A00EC7446 /* SceneDelegate.swift */ = {isa = PBXFileReference; lastKnownFileType = sourcecode.swift; path = SceneDelegate.swift; sourceTree = "<group>"; };
		6A87756C2618CB4A00EC7446 /* LoginViewController.swift */ = {isa = PBXFileReference; lastKnownFileType = sourcecode.swift; path = LoginViewController.swift; sourceTree = "<group>"; };
		6A87756F2618CB4A00EC7446 /* Base */ = {isa = PBXFileReference; lastKnownFileType = file.storyboard; name = Base; path = Base.lproj/Main.storyboard; sourceTree = "<group>"; };
		6A8775712618CB4B00EC7446 /* Assets.xcassets */ = {isa = PBXFileReference; lastKnownFileType = folder.assetcatalog; path = Assets.xcassets; sourceTree = "<group>"; };
		6A8775742618CB4B00EC7446 /* Base */ = {isa = PBXFileReference; lastKnownFileType = file.storyboard; name = Base; path = Base.lproj/LaunchScreen.storyboard; sourceTree = "<group>"; };
		6A8775762618CB4B00EC7446 /* Info.plist */ = {isa = PBXFileReference; lastKnownFileType = text.plist.xml; path = Info.plist; sourceTree = "<group>"; };
		6A8BA244261A295E00EC6A5E /* WelcomeViewController.swift */ = {isa = PBXFileReference; lastKnownFileType = sourcecode.swift; path = WelcomeViewController.swift; sourceTree = "<group>"; };
		6AE821A32620A81D00041D21 /* HobbyViewController.swift */ = {isa = PBXFileReference; lastKnownFileType = sourcecode.swift; path = HobbyViewController.swift; sourceTree = "<group>"; };
/* End PBXFileReference section */

/* Begin PBXFrameworksBuildPhase section */
		6A8775622618CB4A00EC7446 /* Frameworks */ = {
			isa = PBXFrameworksBuildPhase;
			buildActionMask = 2147483647;
			files = (
			);
			runOnlyForDeploymentPostprocessing = 0;
		};
/* End PBXFrameworksBuildPhase section */

/* Begin PBXGroup section */
		6A7AA7F2261F72A700EAF1DD /* Storyboards */ = {
			isa = PBXGroup;
			children = (
				6A87756E2618CB4A00EC7446 /* Main.storyboard */,
				6A8775732618CB4B00EC7446 /* LaunchScreen.storyboard */,
			);
			path = Storyboards;
			sourceTree = "<group>";
		};
		6A7AA7F3261F72C100EAF1DD /* ViewControllers */ = {
			isa = PBXGroup;
			children = (
				6A87756C2618CB4A00EC7446 /* LoginViewController.swift */,
				6A8BA244261A295E00EC6A5E /* WelcomeViewController.swift */,
				6AE821A32620A81D00041D21 /* HobbyViewController.swift */,
				6A696B99261FA06F00A8EE81 /* GeneraleInfoViewController.swift */,
				6A4EBFEC2620F92600E454FE /* TargetViewController.swift */,
			);
			path = ViewControllers;
			sourceTree = "<group>";
		};
		6A7AA7F5261F72F600EAF1DD /* Models */ = {
			isa = PBXGroup;
			children = (
				6A7AA7FA261F741D00EAF1DD /* User.swift */,
				6A7AA7FE261F743600EAF1DD /* Person.swift */,
			);
			path = Models;
			sourceTree = "<group>";
		};
		6A7AA7F6261F731C00EAF1DD /* Resources */ = {
			isa = PBXGroup;
			children = (
				6A8775712618CB4B00EC7446 /* Assets.xcassets */,
			);
			path = Resources;
			sourceTree = "<group>";
		};
		6A7AA7F7261F733700EAF1DD /* Supporting */ = {
			isa = PBXGroup;
			children = (
				6A8775682618CB4A00EC7446 /* AppDelegate.swift */,
				6A87756A2618CB4A00EC7446 /* SceneDelegate.swift */,
			);
			path = Supporting;
			sourceTree = "<group>";
		};
		6A87755C2618CB4A00EC7446 = {
			isa = PBXGroup;
			children = (
				6A8775762618CB4B00EC7446 /* Info.plist */,
				6A7AA7F3261F72C100EAF1DD /* ViewControllers */,
				6A7AA7F5261F72F600EAF1DD /* Models */,
				6A7AA7F2261F72A700EAF1DD /* Storyboards */,
				6A7AA7F7261F733700EAF1DD /* Supporting */,
				6A7AA7F6261F731C00EAF1DD /* Resources */,
				6A8775672618CB4A00EC7446 /* AvtorizationApp */,
				6A8775662618CB4A00EC7446 /* Products */,
			);
			sourceTree = "<group>";
			wrapsLines = 1;
		};
		6A8775662618CB4A00EC7446 /* Products */ = {
			isa = PBXGroup;
			children = (
				6A8775652618CB4A00EC7446 /* AvtorizationApp.app */,
			);
			name = Products;
			sourceTree = "<group>";
		};
		6A8775672618CB4A00EC7446 /* AvtorizationApp */ = {
			isa = PBXGroup;
			children = (
			);
			path = AvtorizationApp;
			sourceTree = "<group>";
		};
/* End PBXGroup section */

/* Begin PBXNativeTarget section */
		6A8775642618CB4A00EC7446 /* AvtorizationApp */ = {
			isa = PBXNativeTarget;
			buildConfigurationList = 6A8775792618CB4B00EC7446 /* Build configuration list for PBXNativeTarget "AvtorizationApp" */;
			buildPhases = (
				6A8775612618CB4A00EC7446 /* Sources */,
				6A8775622618CB4A00EC7446 /* Frameworks */,
				6A8775632618CB4A00EC7446 /* Resources */,
			);
			buildRules = (
			);
			dependencies = (
			);
			name = AvtorizationApp;
			productName = AvtorizationApp;
			productReference = 6A8775652618CB4A00EC7446 /* AvtorizationApp.app */;
			productType = "com.apple.product-type.application";
		};
/* End PBXNativeTarget section */

/* Begin PBXProject section */
		6A87755D2618CB4A00EC7446 /* Project object */ = {
			isa = PBXProject;
			attributes = {
				LastSwiftUpdateCheck = 1240;
				LastUpgradeCheck = 1240;
				TargetAttributes = {
					6A8775642618CB4A00EC7446 = {
						CreatedOnToolsVersion = 12.4;
					};
				};
			};
			buildConfigurationList = 6A8775602618CB4A00EC7446 /* Build configuration list for PBXProject "AvtorizationApp" */;
			compatibilityVersion = "Xcode 9.3";
			developmentRegion = en;
			hasScannedForEncodings = 0;
			knownRegions = (
				en,
				Base,
			);
			mainGroup = 6A87755C2618CB4A00EC7446;
			productRefGroup = 6A8775662618CB4A00EC7446 /* Products */;
			projectDirPath = "";
			projectRoot = "";
			targets = (
				6A8775642618CB4A00EC7446 /* AvtorizationApp */,
			);
		};
/* End PBXProject section */

/* Begin PBXResourcesBuildPhase section */
		6A8775632618CB4A00EC7446 /* Resources */ = {
			isa = PBXResourcesBuildPhase;
			buildActionMask = 2147483647;
			files = (
				6A8775752618CB4B00EC7446 /* LaunchScreen.storyboard in Resources */,
				6A8775722618CB4B00EC7446 /* Assets.xcassets in Resources */,
				6A8775702618CB4A00EC7446 /* Main.storyboard in Resources */,
			);
			runOnlyForDeploymentPostprocessing = 0;
		};
/* End PBXResourcesBuildPhase section */

/* Begin PBXSourcesBuildPhase section */
		6A8775612618CB4A00EC7446 /* Sources */ = {
			isa = PBXSourcesBuildPhase;
			buildActionMask = 2147483647;
			files = (
				6A87756D2618CB4A00EC7446 /* LoginViewController.swift in Sources */,
				6A8BA245261A295E00EC6A5E /* WelcomeViewController.swift in Sources */,
				6A8775692618CB4A00EC7446 /* AppDelegate.swift in Sources */,
				6AE821A42620A81D00041D21 /* HobbyViewController.swift in Sources */,
				6A4EBFED2620F92600E454FE /* TargetViewController.swift in Sources */,
				6A7AA7FF261F743600EAF1DD /* Person.swift in Sources */,
				6A696B9A261FA06F00A8EE81 /* GeneraleInfoViewController.swift in Sources */,
				6A7AA7FB261F741D00EAF1DD /* User.swift in Sources */,
				6A87756B2618CB4A00EC7446 /* SceneDelegate.swift in Sources */,
			);
			runOnlyForDeploymentPostprocessing = 0;
		};
/* End PBXSourcesBuildPhase section */

/* Begin PBXVariantGroup section */
		6A87756E2618CB4A00EC7446 /* Main.storyboard */ = {
			isa = PBXVariantGroup;
			children = (
				6A87756F2618CB4A00EC7446 /* Base */,
			);
			name = Main.storyboard;
			sourceTree = "<group>";
		};
		6A8775732618CB4B00EC7446 /* LaunchScreen.storyboard */ = {
			isa = PBXVariantGroup;
			children = (
				6A8775742618CB4B00EC7446 /* Base */,
			);
			name = LaunchScreen.storyboard;
			sourceTree = "<group>";
		};
/* End PBXVariantGroup section */

/* Begin XCBuildConfiguration section */
		6A8775772618CB4B00EC7446 /* Debug */ = {
			isa = XCBuildConfiguration;
			buildSettings = {
				ALWAYS_SEARCH_USER_PATHS = NO;
				CLANG_ANALYZER_NONNULL = YES;
				CLANG_ANALYZER_NUMBER_OBJECT_CONVERSION = YES_AGGRESSIVE;
				CLANG_CXX_LANGUAGE_STANDARD = "gnu++14";
				CLANG_CXX_LIBRARY = "libc++";
				CLANG_ENABLE_MODULES = YES;
				CLANG_ENABLE_OBJC_ARC = YES;
				CLANG_ENABLE_OBJC_WEAK = YES;
				CLANG_WARN_BLOCK_CAPTURE_AUTORELEASING = YES;
				CLANG_WARN_BOOL_CONVERSION = YES;
				CLANG_WARN_COMMA = YES;
				CLANG_WARN_CONSTANT_CONVERSION = YES;
				CLANG_WARN_DEPRECATED_OBJC_IMPLEMENTATIONS = YES;
				CLANG_WARN_DIRECT_OBJC_ISA_USAGE = YES_ERROR;
				CLANG_WARN_DOCUMENTATION_COMMENTS = YES;
				CLANG_WARN_EMPTY_BODY = YES;
				CLANG_WARN_ENUM_CONVERSION = YES;
				CLANG_WARN_INFINITE_RECURSION = YES;
				CLANG_WARN_INT_CONVERSION = YES;
				CLANG_WARN_NON_LITERAL_NULL_CONVERSION = YES;
				CLANG_WARN_OBJC_IMPLICIT_RETAIN_SELF = YES;
				CLANG_WARN_OBJC_LITERAL_CONVERSION = YES;
				CLANG_WARN_OBJC_ROOT_CLASS = YES_ERROR;
				CLANG_WARN_QUOTED_INCLUDE_IN_FRAMEWORK_HEADER = YES;
				CLANG_WARN_RANGE_LOOP_ANALYSIS = YES;
				CLANG_WARN_STRICT_PROTOTYPES = YES;
				CLANG_WARN_SUSPICIOUS_MOVE = YES;
				CLANG_WARN_UNGUARDED_AVAILABILITY = YES_AGGRESSIVE;
				CLANG_WARN_UNREACHABLE_CODE = YES;
				CLANG_WARN__DUPLICATE_METHOD_MATCH = YES;
				COPY_PHASE_STRIP = NO;
				DEBUG_INFORMATION_FORMAT = dwarf;
				ENABLE_STRICT_OBJC_MSGSEND = YES;
				ENABLE_TESTABILITY = YES;
				GCC_C_LANGUAGE_STANDARD = gnu11;
				GCC_DYNAMIC_NO_PIC = NO;
				GCC_NO_COMMON_BLOCKS = YES;
				GCC_OPTIMIZATION_LEVEL = 0;
				GCC_PREPROCESSOR_DEFINITIONS = (
					"DEBUG=1",
					"$(inherited)",
				);
				GCC_WARN_64_TO_32_BIT_CONVERSION = YES;
				GCC_WARN_ABOUT_RETURN_TYPE = YES_ERROR;
				GCC_WARN_UNDECLARED_SELECTOR = YES;
				GCC_WARN_UNINITIALIZED_AUTOS = YES_AGGRESSIVE;
				GCC_WARN_UNUSED_FUNCTION = YES;
				GCC_WARN_UNUSED_VARIABLE = YES;
				IPHONEOS_DEPLOYMENT_TARGET = 14.4;
				MTL_ENABLE_DEBUG_INFO = INCLUDE_SOURCE;
				MTL_FAST_MATH = YES;
				ONLY_ACTIVE_ARCH = YES;
				SDKROOT = iphoneos;
				SWIFT_ACTIVE_COMPILATION_CONDITIONS = DEBUG;
				SWIFT_OPTIMIZATION_LEVEL = "-Onone";
			};
			name = Debug;
		};
		6A8775782618CB4B00EC7446 /* Release */ = {
			isa = XCBuildConfiguration;
			buildSettings = {
				ALWAYS_SEARCH_USER_PATHS = NO;
				CLANG_ANALYZER_NONNULL = YES;
				CLANG_ANALYZER_NUMBER_OBJECT_CONVERSION = YES_AGGRESSIVE;
				CLANG_CXX_LANGUAGE_STANDARD = "gnu++14";
				CLANG_CXX_LIBRARY = "libc++";
				CLANG_ENABLE_MODULES = YES;
				CLANG_ENABLE_OBJC_ARC = YES;
				CLANG_ENABLE_OBJC_WEAK = YES;
				CLANG_WARN_BLOCK_CAPTURE_AUTORELEASING = YES;
				CLANG_WARN_BOOL_CONVERSION = YES;
				CLANG_WARN_COMMA = YES;
				CLANG_WARN_CONSTANT_CONVERSION = YES;
				CLANG_WARN_DEPRECATED_OBJC_IMPLEMENTATIONS = YES;
				CLANG_WARN_DIRECT_OBJC_ISA_USAGE = YES_ERROR;
				CLANG_WARN_DOCUMENTATION_COMMENTS = YES;
				CLANG_WARN_EMPTY_BODY = YES;
				CLANG_WARN_ENUM_CONVERSION = YES;
				CLANG_WARN_INFINITE_RECURSION = YES;
				CLANG_WARN_INT_CONVERSION = YES;
				CLANG_WARN_NON_LITERAL_NULL_CONVERSION = YES;
				CLANG_WARN_OBJC_IMPLICIT_RETAIN_SELF = YES;
				CLANG_WARN_OBJC_LITERAL_CONVERSION = YES;
				CLANG_WARN_OBJC_ROOT_CLASS = YES_ERROR;
				CLANG_WARN_QUOTED_INCLUDE_IN_FRAMEWORK_HEADER = YES;
				CLANG_WARN_RANGE_LOOP_ANALYSIS = YES;
				CLANG_WARN_STRICT_PROTOTYPES = YES;
				CLANG_WARN_SUSPICIOUS_MOVE = YES;
				CLANG_WARN_UNGUARDED_AVAILABILITY = YES_AGGRESSIVE;
				CLANG_WARN_UNREACHABLE_CODE = YES;
				CLANG_WARN__DUPLICATE_METHOD_MATCH = YES;
				COPY_PHASE_STRIP = NO;
				DEBUG_INFORMATION_FORMAT = "dwarf-with-dsym";
				ENABLE_NS_ASSERTIONS = NO;
				ENABLE_STRICT_OBJC_MSGSEND = YES;
				GCC_C_LANGUAGE_STANDARD = gnu11;
				GCC_NO_COMMON_BLOCKS = YES;
				GCC_WARN_64_TO_32_BIT_CONVERSION = YES;
				GCC_WARN_ABOUT_RETURN_TYPE = YES_ERROR;
				GCC_WARN_UNDECLARED_SELECTOR = YES;
				GCC_WARN_UNINITIALIZED_AUTOS = YES_AGGRESSIVE;
				GCC_WARN_UNUSED_FUNCTION = YES;
				GCC_WARN_UNUSED_VARIABLE = YES;
				IPHONEOS_DEPLOYMENT_TARGET = 14.4;
				MTL_ENABLE_DEBUG_INFO = NO;
				MTL_FAST_MATH = YES;
				SDKROOT = iphoneos;
				SWIFT_COMPILATION_MODE = wholemodule;
				SWIFT_OPTIMIZATION_LEVEL = "-O";
				VALIDATE_PRODUCT = YES;
			};
			name = Release;
		};
		6A87757A2618CB4B00EC7446 /* Debug */ = {
			isa = XCBuildConfiguration;
			buildSettings = {
				ASSETCATALOG_COMPILER_APPICON_NAME = AppIcon;
				ASSETCATALOG_COMPILER_GLOBAL_ACCENT_COLOR_NAME = AccentColor;
				CODE_SIGN_STYLE = Automatic;
				INFOPLIST_FILE = AvtorizationApp/Info.plist;
				"INFOPLIST_FILE[sdk=*]" = AvtorizationApp/Info.plist;
				LD_RUNPATH_SEARCH_PATHS = (
					"$(inherited)",
					"@executable_path/Frameworks",
				);
				PRODUCT_BUNDLE_IDENTIFIER = Galatea.AvtorizationApp;
				PRODUCT_NAME = "$(TARGET_NAME)";
				SWIFT_VERSION = 5.0;
				TARGETED_DEVICE_FAMILY = 1;
			};
			name = Debug;
		};
		6A87757B2618CB4B00EC7446 /* Release */ = {
			isa = XCBuildConfiguration;
			buildSettings = {
				ASSETCATALOG_COMPILER_APPICON_NAME = AppIcon;
				ASSETCATALOG_COMPILER_GLOBAL_ACCENT_COLOR_NAME = AccentColor;
				CODE_SIGN_STYLE = Automatic;
				INFOPLIST_FILE = AvtorizationApp/Info.plist;
				"INFOPLIST_FILE[sdk=*]" = AvtorizationApp/Info.plist;
				LD_RUNPATH_SEARCH_PATHS = (
					"$(inherited)",
					"@executable_path/Frameworks",
				);
				PRODUCT_BUNDLE_IDENTIFIER = Galatea.AvtorizationApp;
				PRODUCT_NAME = "$(TARGET_NAME)";
				SWIFT_VERSION = 5.0;
				TARGETED_DEVICE_FAMILY = 1;
			};
			name = Release;
		};
/* End XCBuildConfiguration section */

/* Begin XCConfigurationList section */
		6A8775602618CB4A00EC7446 /* Build configuration list for PBXProject "AvtorizationApp" */ = {
			isa = XCConfigurationList;
			buildConfigurations = (
				6A8775772618CB4B00EC7446 /* Debug */,
				6A8775782618CB4B00EC7446 /* Release */,
			);
			defaultConfigurationIsVisible = 0;
			defaultConfigurationName = Release;
		};
		6A8775792618CB4B00EC7446 /* Build configuration list for PBXNativeTarget "AvtorizationApp" */ = {
			isa = XCConfigurationList;
			buildConfigurations = (
				6A87757A2618CB4B00EC7446 /* Debug */,
				6A87757B2618CB4B00EC7446 /* Release */,
			);
			defaultConfigurationIsVisible = 0;
			defaultConfigurationName = Release;
		};
/* End XCConfigurationList section */
	};
	rootObject = 6A87755D2618CB4A00EC7446 /* Project object */;
}
